
Microsoft Visual Studio Solution File, Format Version 12.00
# Visual Studio Version 16
VisualStudioVersion = 16.0.31321.278
MinimumVisualStudioVersion = 10.0.40219.1
Project("{2150E333-8FDC-42A3-9474-1A3956D46DE8}") = "Projects", "Projects", "{A672F8DC-EAE6-4685-945F-9D8E8B4C2DA3}"
EndProject
Project("{FAE04EC0-301F-11D3-BF4B-00C04F79EFBC}") = "Demo.Api", "Demo.Api\Demo.Api.csproj", "{3FC78802-A08C-4767-89BB-C1DE92D17E4D}"
EndProject
Project("{FAE04EC0-301F-11D3-BF4B-00C04F79EFBC}") = "Demo.AppServices", "Demo.AppServices\Demo.AppServices.csproj", "{060C5CA4-5DA8-421B-9290-78373B301447}"
EndProject
Project("{FAE04EC0-301F-11D3-BF4B-00C04F79EFBC}") = "Demo.Core", "Demo.Core\Demo.Core.csproj", "{B2E33A25-38B2-4E3D-B1C4-C2BFAD4CDF02}"
EndProject
Project("{FAE04EC0-301F-11D3-BF4B-00C04F79EFBC}") = "Demo.Domains", "Demo.Domains\Demo.Domains.csproj", "{F533CF24-B99F-4BC0-B9FC-DCFB77CFEC39}"
EndProject
Project("{FAE04EC0-301F-11D3-BF4B-00C04F79EFBC}") = "Demo.Infras", "Demo.Infras\Demo.Infras.csproj", "{007B455C-8B4C-4A32-93F8-2EEBA1D161C7}"
EndProject
Project("{2150E333-8FDC-42A3-9474-1A3956D46DE8}") = "Tests", "Tests", "{F2966D75-6FC3-4C78-A966-BEEBF4C56165}"
EndProject
Project("{FAE04EC0-301F-11D3-BF4B-00C04F79EFBC}") = "Demo.Infras.Lite", "Demo.Infras.Lite\Demo.Infras.Lite.csproj", "{C95CED00-7C90-4324-BEC1-A81911A99F75}"
EndProject
Project("{FAE04EC0-301F-11D3-BF4B-00C04F79EFBC}") = "Demo.AppServices.Tests", "Demo.AppServices.Tests\Demo.AppServices.Tests.csproj", "{E9F94D1D-52D6-4718-872B-FF57A2A925C0}"
EndProject
Project("{FAE04EC0-301F-11D3-BF4B-00C04F79EFBC}") = "Demo.Infras.Tests", "Demo.Infras.Tests\Demo.Infras.Tests.csproj", "{BA6894FD-24EA-427C-85A6-FDE4DA6A3F6F}"
EndProject
Project("{2150E333-8FDC-42A3-9474-1A3956D46DE8}") = "Solution", "Solution", "{EF2D3BFC-0155-40E0-87E7-37A030964A0B}"
EndProject
Global
	GlobalSection(SolutionConfigurationPlatforms) = preSolution
		Debug|Any CPU = Debug|Any CPU
		Release|Any CPU = Release|Any CPU
	EndGlobalSection
	GlobalSection(ProjectConfigurationPlatforms) = postSolution
		{3FC78802-A08C-4767-89BB-C1DE92D17E4D}.Debug|Any CPU.ActiveCfg = Debug|Any CPU
		{3FC78802-A08C-4767-89BB-C1DE92D17E4D}.Debug|Any CPU.Build.0 = Debug|Any CPU
		{3FC78802-A08C-4767-89BB-C1DE92D17E4D}.Release|Any CPU.ActiveCfg = Release|Any CPU
		{3FC78802-A08C-4767-89BB-C1DE92D17E4D}.Release|Any CPU.Build.0 = Release|Any CPU
		{060C5CA4-5DA8-421B-9290-78373B301447}.Debug|Any CPU.ActiveCfg = Debug|Any CPU
		{060C5CA4-5DA8-421B-9290-78373B301447}.Debug|Any CPU.Build.0 = Debug|Any CPU
		{060C5CA4-5DA8-421B-9290-78373B301447}.Release|Any CPU.ActiveCfg = Release|Any CPU
		{060C5CA4-5DA8-421B-9290-78373B301447}.Release|Any CPU.Build.0 = Release|Any CPU
		{B2E33A25-38B2-4E3D-B1C4-C2BFAD4CDF02}.Debug|Any CPU.ActiveCfg = Debug|Any CPU
		{B2E33A25-38B2-4E3D-B1C4-C2BFAD4CDF02}.Debug|Any CPU.Build.0 = Debug|Any CPU
		{B2E33A25-38B2-4E3D-B1C4-C2BFAD4CDF02}.Release|Any CPU.ActiveCfg = Release|Any CPU
		{B2E33A25-38B2-4E3D-B1C4-C2BFAD4CDF02}.Release|Any CPU.Build.0 = Release|Any CPU
		{F533CF24-B99F-4BC0-B9FC-DCFB77CFEC39}.Debug|Any CPU.ActiveCfg = Debug|Any CPU
		{F533CF24-B99F-4BC0-B9FC-DCFB77CFEC39}.Debug|Any CPU.Build.0 = Debug|Any CPU
		{F533CF24-B99F-4BC0-B9FC-DCFB77CFEC39}.Release|Any CPU.ActiveCfg = Release|Any CPU
		{F533CF24-B99F-4BC0-B9FC-DCFB77CFEC39}.Release|Any CPU.Build.0 = Release|Any CPU
		{007B455C-8B4C-4A32-93F8-2EEBA1D161C7}.Debug|Any CPU.ActiveCfg = Debug|Any CPU
		{007B455C-8B4C-4A32-93F8-2EEBA1D161C7}.Debug|Any CPU.Build.0 = Debug|Any CPU
		{007B455C-8B4C-4A32-93F8-2EEBA1D161C7}.Release|Any CPU.ActiveCfg = Release|Any CPU
		{007B455C-8B4C-4A32-93F8-2EEBA1D161C7}.Release|Any CPU.Build.0 = Release|Any CPU
		{C95CED00-7C90-4324-BEC1-A81911A99F75}.Debug|Any CPU.ActiveCfg = Debug|Any CPU
		{C95CED00-7C90-4324-BEC1-A81911A99F75}.Debug|Any CPU.Build.0 = Debug|Any CPU
		{C95CED00-7C90-4324-BEC1-A81911A99F75}.Release|Any CPU.ActiveCfg = Release|Any CPU
		{C95CED00-7C90-4324-BEC1-A81911A99F75}.Release|Any CPU.Build.0 = Release|Any CPU
		{E9F94D1D-52D6-4718-872B-FF57A2A925C0}.Debug|Any CPU.ActiveCfg = Debug|Any CPU
		{E9F94D1D-52D6-4718-872B-FF57A2A925C0}.Debug|Any CPU.Build.0 = Debug|Any CPU
		{E9F94D1D-52D6-4718-872B-FF57A2A925C0}.Release|Any CPU.ActiveCfg = Release|Any CPU
		{E9F94D1D-52D6-4718-872B-FF57A2A925C0}.Release|Any CPU.Build.0 = Release|Any CPU
		{BA6894FD-24EA-427C-85A6-FDE4DA6A3F6F}.Debug|Any CPU.ActiveCfg = Debug|Any CPU
		{BA6894FD-24EA-427C-85A6-FDE4DA6A3F6F}.Debug|Any CPU.Build.0 = Debug|Any CPU
		{BA6894FD-24EA-427C-85A6-FDE4DA6A3F6F}.Release|Any CPU.ActiveCfg = Release|Any CPU
		{BA6894FD-24EA-427C-85A6-FDE4DA6A3F6F}.Release|Any CPU.Build.0 = Release|Any CPU
	EndGlobalSection
	GlobalSection(SolutionProperties) = preSolution
		HideSolutionNode = FALSE
	EndGlobalSection
	GlobalSection(NestedProjects) = preSolution
		{3FC78802-A08C-4767-89BB-C1DE92D17E4D} = {A672F8DC-EAE6-4685-945F-9D8E8B4C2DA3}
		{060C5CA4-5DA8-421B-9290-78373B301447} = {A672F8DC-EAE6-4685-945F-9D8E8B4C2DA3}
		{B2E33A25-38B2-4E3D-B1C4-C2BFAD4CDF02} = {A672F8DC-EAE6-4685-945F-9D8E8B4C2DA3}
		{F533CF24-B99F-4BC0-B9FC-DCFB77CFEC39} = {A672F8DC-EAE6-4685-945F-9D8E8B4C2DA3}
		{007B455C-8B4C-4A32-93F8-2EEBA1D161C7} = {A672F8DC-EAE6-4685-945F-9D8E8B4C2DA3}
		{C95CED00-7C90-4324-BEC1-A81911A99F75} = {F2966D75-6FC3-4C78-A966-BEEBF4C56165}
		{E9F94D1D-52D6-4718-872B-FF57A2A925C0} = {F2966D75-6FC3-4C78-A966-BEEBF4C56165}
		{BA6894FD-24EA-427C-85A6-FDE4DA6A3F6F} = {F2966D75-6FC3-4C78-A966-BEEBF4C56165}
	EndGlobalSection
	GlobalSection(ExtensibilityGlobals) = postSolution
		SolutionGuid = {C38615D2-2E0F-44D5-B8BB-947AAB64D1F7}
	EndGlobalSection
EndGlobal
